{
  "object": {
    "pins": [
      {
        "package": "CommandLineKit",
        "repositoryURL": "https://github.com/objecthub/swift-commandlinekit.git",
        "state": {
          "branch": null,
          "revision": "3658edb549b955d2a89fdc59f2739de3208d91a6",
          "version": "0.3.2"
        }
      },
      {
        "package": "MarkdownKit",
        "repositoryURL": "https://github.com/objecthub/swift-markdownkit.git",
        "state": {
          "branch": null,
          "revision": "9bd850ee79a90a1f4925e46b8228c56fbbfe87e1",
          "version": "0.2.2"
        }
      },
      {
        "package": "NumberKit",
        "repositoryURL": "https://github.com/objecthub/swift-numberkit.git",
        "state": {
          "branch": null,
          "revision": "a29903f82329df499e0a422f7c4824f9093e5df8",
          "version": "2.3.7"
        }
      },
      {
        "package": "SQLiteExpress",
        "repositoryURL": "https://github.com/objecthub/swift-sqliteexpress.git",
        "state": {
          "branch": null,
          "revision": "ca29f8d89e37f9288721addc8272d063b257aa7a",
          "version": "1.0.2"
        }
      }
    ]
  },
  "version": 1
}
