{
  "object": {
    "pins": [
      {
        "package": "swift-atomics",
        "repositoryURL": "https://github.com/apple/swift-atomics.git",
        "state": {
          "branch": null,
          "revision": "ff3d2212b6b093db7f177d0855adbc4ef9c5f036",
          "version": "1.0.3"
        }
      },
      {
        "package": "CommandLineKit",
        "repositoryURL": "https://github.com/objecthub/swift-commandlinekit.git",
        "state": {
          "branch": null,
          "revision": "c66994d36c654fdd4a27863e5f8aaadc101099eb",
          "version": "0.3.5"
        }
      },
      {
        "package": "MarkdownKit",
        "repositoryURL": "https://github.com/objecthub/swift-markdownkit.git",
        "state": {
          "branch": null,
          "revision": "c6c009353863779ee5855b1cf58ced6a3b851f3e",
          "version": "1.1.5"
        }
      },
      {
        "package": "NumberKit",
        "repositoryURL": "https://github.com/objecthub/swift-numberkit.git",
        "state": {
          "branch": null,
          "revision": "0f9c918dcea73f6ff4ff762b8e83a0991ca668d9",
          "version": "2.4.2"
        }
      },
      {
        "package": "SQLiteExpress",
        "repositoryURL": "https://github.com/objecthub/swift-sqliteexpress.git",
        "state": {
          "branch": null,
          "revision": "e420f6eef3b90d44d92f39b1f899a8aa662f57a7",
          "version": "1.0.3"
        }
      },
      {
        "package": "ZIPFoundation",
        "repositoryURL": "https://github.com/weichsel/ZIPFoundation.git",
        "state": {
          "branch": null,
          "revision": "43ec568034b3731101dbf7670765d671c30f54f3",
          "version": "0.9.16"
        }
      }
    ]
  },
  "version": 1
}
