{
  "object": {
    "pins": [
      {
        "package": "CommandLineKit",
        "repositoryURL": "https://github.com/objecthub/swift-commandlinekit.git",
        "state": {
          "branch": null,
          "revision": "a0d60e86f105aac86a24105b708c0d4329e888f8",
          "version": "0.3.1"
        }
      },
      {
        "package": "MarkdownKit",
        "repositoryURL": "https://github.com/objecthub/swift-markdownkit.git",
        "state": {
          "branch": null,
          "revision": "7536777487718fe92f59d2763c462564c7d8df6a",
          "version": "0.2.0"
        }
      },
      {
        "package": "NumberKit",
        "repositoryURL": "https://github.com/objecthub/swift-numberkit.git",
        "state": {
          "branch": null,
          "revision": "ebb6c284b3fed8bbe2bd105bb8e41537f75bc950",
          "version": "2.3.2"
        }
      }
    ]
  },
  "version": 1
}
