{
  "originHash" : "a9fc159c45d70d5544520585e4f0bc8d1c1bc67124a2215f817486c309f94eba",
  "pins" : [
    {
      "identity" : "bitbytedata",
      "kind" : "remoteSourceControl",
      "location" : "https://github.com/tsolomko/BitByteData",
      "state" : {
        "revision" : "36df26fe4586b4f23d76cfd8b47076998343a2b2",
        "version" : "2.0.3"
      }
    },
    {
      "identity" : "swcompression",
      "kind" : "remoteSourceControl",
      "location" : "https://github.com/tsolomko/SWCompression",
      "state" : {
        "revision" : "cd39ca0a3b269173bab06f68b182b72fa690765c",
        "version" : "4.8.5"
      }
    },
    {
      "identity" : "swift-atomics",
      "kind" : "remoteSourceControl",
      "location" : "https://github.com/apple/swift-atomics.git",
      "state" : {
        "revision" : "cd142fd2f64be2100422d658e7411e39489da985",
        "version" : "1.2.0"
      }
    },
    {
      "identity" : "swift-clformat",
      "kind" : "remoteSourceControl",
      "location" : "https://github.com/objecthub/swift-clformat",
      "state" : {
        "branch" : "main",
        "revision" : "266c9795fe259e954d076fad903ed30d35ef1d0d"
      }
    },
    {
      "identity" : "swift-commandlinekit",
      "kind" : "remoteSourceControl",
      "location" : "https://github.com/objecthub/swift-commandlinekit.git",
      "state" : {
        "revision" : "c66994d36c654fdd4a27863e5f8aaadc101099eb",
        "version" : "0.3.5"
      }
    },
    {
      "identity" : "swift-markdownkit",
      "kind" : "remoteSourceControl",
      "location" : "https://github.com/objecthub/swift-markdownkit.git",
      "state" : {
        "revision" : "69b44cd50c683527643baa1d78ef71cda40ff65e",
        "version" : "1.1.7"
      }
    },
    {
      "identity" : "swift-numberkit",
      "kind" : "remoteSourceControl",
      "location" : "https://github.com/objecthub/swift-numberkit.git",
      "state" : {
        "revision" : "e83875a43061dccb8f82772089207ea2e7a88a8a",
        "version" : "2.5.0"
      }
    },
    {
      "identity" : "swift-sqliteexpress",
      "kind" : "remoteSourceControl",
      "location" : "https://github.com/objecthub/swift-sqliteexpress.git",
      "state" : {
        "revision" : "e420f6eef3b90d44d92f39b1f899a8aa662f57a7",
        "version" : "1.0.3"
      }
    },
    {
      "identity" : "zipfoundation",
      "kind" : "remoteSourceControl",
      "location" : "https://github.com/weichsel/ZIPFoundation",
      "state" : {
        "revision" : "02b6abe5f6eef7e3cbd5f247c5cc24e246efcfe0",
        "version" : "0.9.19"
      }
    }
  ],
  "version" : 3
}
