{
  "pins" : [
    {
      "identity" : "swift-atomics",
      "kind" : "remoteSourceControl",
      "location" : "https://github.com/apple/swift-atomics.git",
      "state" : {
        "revision" : "ff3d2212b6b093db7f177d0855adbc4ef9c5f036",
        "version" : "1.0.3"
      }
    },
    {
      "identity" : "swift-commandlinekit",
      "kind" : "remoteSourceControl",
      "location" : "https://github.com/objecthub/swift-commandlinekit.git",
      "state" : {
        "revision" : "dd0967785f84476a1a51ef164f9030851fcaaaff",
        "version" : "0.3.4"
      }
    },
    {
      "identity" : "swift-markdownkit",
      "kind" : "remoteSourceControl",
      "location" : "https://github.com/objecthub/swift-markdownkit.git",
      "state" : {
        "revision" : "c6c009353863779ee5855b1cf58ced6a3b851f3e",
        "version" : "1.1.5"
      }
    },
    {
      "identity" : "swift-numberkit",
      "kind" : "remoteSourceControl",
      "location" : "https://github.com/objecthub/swift-numberkit.git",
      "state" : {
        "revision" : "e8c1cb9e8220001a7efa857fea88c0bd762c56ea",
        "version" : "2.4.1"
      }
    },
    {
      "identity" : "swift-sqliteexpress",
      "kind" : "remoteSourceControl",
      "location" : "https://github.com/objecthub/swift-sqliteexpress.git",
      "state" : {
        "revision" : "e420f6eef3b90d44d92f39b1f899a8aa662f57a7",
        "version" : "1.0.3"
      }
    },
    {
      "identity" : "zipfoundation",
      "kind" : "remoteSourceControl",
      "location" : "https://github.com/weichsel/ZIPFoundation",
      "state" : {
        "revision" : "43ec568034b3731101dbf7670765d671c30f54f3",
        "version" : "0.9.16"
      }
    }
  ],
  "version" : 2
}
